dependencies:
  espressif/esp32-camera:
    component_hash: d1770097ec47996a9aba49b8d99672863c9855ea2d47e91fe31e11e58e8c7813
    dependencies:
    - name: espressif/esp_jpeg
      registry_url: https://components.espressif.com
      require: public
      version: ^1.3.1
    - name: idf
      require: private
      version: '>=5.1'
    source:
      registry_url: https://components.espressif.com/
      type: service
    version: 2.1.8
  espressif/esp_jpeg:
    component_hash: defb83669293cbf86d0fa86b475ba5517aceed04ed70db435388c151ab37b5d7
    dependencies:
    - name: idf
      require: private
      version: '>=5.0'
    source:
      registry_url: https://components.espressif.com
      type: service
    version: 1.3.1
  espressif/libsodium:
    component_hash: d4066b373fc6d4c5196db42aeea7faef4ac7f3080af96c2b74e2476c08b78dc1
    dependencies:
    - name: idf
      require: private
      version: '>=4.2'
    source:
      registry_url: https://components.espressif.com/
      type: service
    version: 1.0.22~1
  idf:
    source:
      type: idf
    version: 6.0.3
direct_dependencies:
- espressif/esp32-camera
- espressif/libsodium
manifest_hash: ae8bc33e1243a477e19c19ba19aa9cdf79fd1459e27caea751e487e5c4d16be1
target: esp32
version: 3.0.0
